// !$*UTF8*$!
{
	archiveVersion = 1;
	classes = {
	};
	objectVersion = 48;
	objects = {

/* Begin PBXBuildFile section */
		DF2781CA20FEF01F009BA41A /* MAETVC.m in Sources */ = {isa = PBXBuildFile; fileRef = DF2781C020FEF01F009BA41A /* MAETVC.m */; };
		DF2781CB20FEF01F009BA41A /* IADTVC.m in Sources */ = {isa = PBXBuildFile; fileRef = DF2781C120FEF01F009BA41A /* IADTVC.m */; };
		DF2781CC20FEF01F009BA41A /* LifeskillsTVC.m in Sources */ = {isa = PBXBuildFile; fileRef = DF2781C420FEF01F009BA41A /* LifeskillsTVC.m */; };
		DF2781CD20FEF01F009BA41A /* SWTVC.m in Sources */ = {isa = PBXBuildFile; fileRef = DF2781C520FEF01F009BA41A /* SWTVC.m */; };
		DF2781CE20FEF01F009BA41A /* LectTVC.m in Sources */ = {isa = PBXBuildFile; fileRef = DF2781C720FEF01F009BA41A /* LectTVC.m */; };
		DF2781CF20FEF01F009BA41A /* Lect.storyboard in Resources */ = {isa = PBXBuildFile; fileRef = DF2781C820FEF01F009BA41A /* Lect.storyboard */; };
		DF57216720FF1D8C00EF8B82 /* FamilyMember.m in Sources */ = {isa = PBXBuildFile; fileRef = DF57216520FF1D8C00EF8B82 /* FamilyMember.m */; };
		DF5B596021084F1100DAA975 /* StudInfoTVC.m in Sources */ = {isa = PBXBuildFile; fileRef = DF5B595D21084F1100DAA975 /* StudInfoTVC.m */; };
		DF5B596121084F1100DAA975 /* StudentInfo.storyboard in Resources */ = {isa = PBXBuildFile; fileRef = DF5B595E21084F1100DAA975 /* StudentInfo.storyboard */; };
		DF5B5964210850C500DAA975 /* MapTVC.m in Sources */ = {isa = PBXBuildFile; fileRef = DF5B5963210850C500DAA975 /* MapTVC.m */; };
		DF5B59672108554100DAA975 /* MyConnection.storyboard in Resources */ = {isa = PBXBuildFile; fileRef = DF5B59662108554100DAA975 /* MyConnection.storyboard */; };
		DF5B596A21085F2400DAA975 /* ConnectVC.m in Sources */ = {isa = PBXBuildFile; fileRef = DF5B596921085F2400DAA975 /* ConnectVC.m */; };
		DF75D23A2106BA0E00857072 /* fasCell.m in Sources */ = {isa = PBXBuildFile; fileRef = DF75D2392106BA0E00857072 /* fasCell.m */; };
		DF7A672321056CFA00E46C6D /* NoOfFamilyVC.m in Sources */ = {isa = PBXBuildFile; fileRef = DF7A672221056CFA00E46C6D /* NoOfFamilyVC.m */; };
		DF7AADC420FC2DC8002A7BE9 /* UsersDetails.m in Sources */ = {isa = PBXBuildFile; fileRef = DF7AADC320FC2DC8002A7BE9 /* UsersDetails.m */; };
		DF7C39C02108257800D4B5D1 /* CampusMap.storyboard in Resources */ = {isa = PBXBuildFile; fileRef = DF7C39BF2108257800D4B5D1 /* CampusMap.storyboard */; };
		DF7C39CC2108648E00D4B5D1 /* GPAResultTVC.m in Sources */ = {isa = PBXBuildFile; fileRef = DF7C39C72108648E00D4B5D1 /* GPAResultTVC.m */; };
		DF7C39CD2108648E00D4B5D1 /* GPACalcTVC.m in Sources */ = {isa = PBXBuildFile; fileRef = DF7C39C92108648E00D4B5D1 /* GPACalcTVC.m */; };
		DF7C39CE2108648E00D4B5D1 /* GPACalc.storyboard in Resources */ = {isa = PBXBuildFile; fileRef = DF7C39CB2108648E00D4B5D1 /* GPACalc.storyboard */; };
		DFB25CAB20F5B33900F493F3 /* AppDelegate.m in Sources */ = {isa = PBXBuildFile; fileRef = DFB25CAA20F5B33900F493F3 /* AppDelegate.m */; };
		DFB25CB320F5B33900F493F3 /* Assets.xcassets in Resources */ = {isa = PBXBuildFile; fileRef = DFB25CB220F5B33900F493F3 /* Assets.xcassets */; };
		DFB25CB620F5B33900F493F3 /* LaunchScreen.storyboard in Resources */ = {isa = PBXBuildFile; fileRef = DFB25CB420F5B33900F493F3 /* LaunchScreen.storyboard */; };
		DFB25CB920F5B33900F493F3 /* main.m in Sources */ = {isa = PBXBuildFile; fileRef = DFB25CB820F5B33900F493F3 /* main.m */; };
		DFB25CC320F5B33900F493F3 /* StudentsITETests.m in Sources */ = {isa = PBXBuildFile; fileRef = DFB25CC220F5B33900F493F3 /* StudentsITETests.m */; };
		DFB25CCE20F5B33900F493F3 /* StudentsITEUITests.m in Sources */ = {isa = PBXBuildFile; fileRef = DFB25CCD20F5B33900F493F3 /* StudentsITEUITests.m */; };
		DFB25CDD20F5B5BB00F493F3 /* Login.storyboard in Resources */ = {isa = PBXBuildFile; fileRef = DFB25CDC20F5B5BB00F493F3 /* Login.storyboard */; };
		DFB25CE020F5B5DA00F493F3 /* LoginVC.m in Sources */ = {isa = PBXBuildFile; fileRef = DFB25CDF20F5B5DA00F493F3 /* LoginVC.m */; };
		DFDA2B9D20FEFCC4006BFBC1 /* FAS.storyboard in Resources */ = {isa = PBXBuildFile; fileRef = DFDA2B9C20FEFCC4006BFBC1 /* FAS.storyboard */; };
		FE0E58CD2104504A00BB1268 /* EnquiryTVC.m in Sources */ = {isa = PBXBuildFile; fileRef = FE0E58CC2104504A00BB1268 /* EnquiryTVC.m */; };
		FE792242210765050090DF26 /* fasMainTVC.m in Sources */ = {isa = PBXBuildFile; fileRef = FE792241210765040090DF26 /* fasMainTVC.m */; };
		FE79224521076B4D0090DF26 /* ExamCountdown.storyboard in Resources */ = {isa = PBXBuildFile; fileRef = FE79224421076B4D0090DF26 /* ExamCountdown.storyboard */; };
		FE792248210774260090DF26 /* ExamVC.m in Sources */ = {isa = PBXBuildFile; fileRef = FE792247210774260090DF26 /* ExamVC.m */; };
		FECACC1B21060BEB00A2DBD6 /* FamilyInfoTVC.m in Sources */ = {isa = PBXBuildFile; fileRef = FECACC1A21060BEB00A2DBD6 /* FamilyInfoTVC.m */; };
		FECACC1E2106221600A2DBD6 /* FamilyMemberCell.m in Sources */ = {isa = PBXBuildFile; fileRef = FECACC1D2106221600A2DBD6 /* FamilyMemberCell.m */; };
		FECACC3021063DDD00A2DBD6 /* AvailableFasVC.m in Sources */ = {isa = PBXBuildFile; fileRef = FECACC2F21063DDD00A2DBD6 /* AvailableFasVC.m */; };
		FEF0AE2420FE1F5A004F72C8 /* MainMenu.storyboard in Resources */ = {isa = PBXBuildFile; fileRef = FEF0AE2120FE1F5A004F72C8 /* MainMenu.storyboard */; };
		FEF0AE2520FE1F5A004F72C8 /* MainMenuCVC.m in Sources */ = {isa = PBXBuildFile; fileRef = FEF0AE2220FE1F5A004F72C8 /* MainMenuCVC.m */; };
		FEF0AE2620FE1F5A004F72C8 /* CollectionViewCell.m in Sources */ = {isa = PBXBuildFile; fileRef = FEF0AE2320FE1F5A004F72C8 /* CollectionViewCell.m */; };
/* End PBXBuildFile section */

/* Begin PBXContainerItemProxy section */
		DFB25CBF20F5B33900F493F3 /* PBXContainerItemProxy */ = {
			isa = PBXContainerItemProxy;
			containerPortal = DFB25C9E20F5B33900F493F3 /* Project object */;
			proxyType = 1;
			remoteGlobalIDString = DFB25CA520F5B33900F493F3;
			remoteInfo = StudentsITE;
		};
		DFB25CCA20F5B33900F493F3 /* PBXContainerItemProxy */ = {
			isa = PBXContainerItemProxy;
			containerPortal = DFB25C9E20F5B33900F493F3 /* Project object */;
			proxyType = 1;
			remoteGlobalIDString = DFB25CA520F5B33900F493F3;
			remoteInfo = StudentsITE;
		};
/* End PBXContainerItemProxy section */

/* Begin PBXFileReference section */
		DF2781BF20FEF01F009BA41A /* LifeskillsTVC.h */ = {isa = PBXFileReference; fileEncoding = 4; lastKnownFileType = sourcecode.c.h; path = LifeskillsTVC.h; sourceTree = "<group>"; };
		DF2781C020FEF01F009BA41A /* MAETVC.m */ = {isa = PBXFileReference; fileEncoding = 4; lastKnownFileType = sourcecode.c.objc; path = MAETVC.m; sourceTree = "<group>"; };
		DF2781C120FEF01F009BA41A /* IADTVC.m */ = {isa = PBXFileReference; fileEncoding = 4; lastKnownFileType = sourcecode.c.objc; path = IADTVC.m; sourceTree = "<group>"; };
		DF2781C220FEF01F009BA41A /* MAETVC.h */ = {isa = PBXFileReference; fileEncoding = 4; lastKnownFileType = sourcecode.c.h; path = MAETVC.h; sourceTree = "<group>"; };
		DF2781C320FEF01F009BA41A /* LectTVC.h */ = {isa = PBXFileReference; fileEncoding = 4; lastKnownFileType = sourcecode.c.h; path = LectTVC.h; sourceTree = "<group>"; };
		DF2781C420FEF01F009BA41A /* LifeskillsTVC.m */ = {isa = PBXFileReference; fileEncoding = 4; lastKnownFileType = sourcecode.c.objc; path = LifeskillsTVC.m; sourceTree = "<group>"; };
		DF2781C520FEF01F009BA41A /* SWTVC.m */ = {isa = PBXFileReference; fileEncoding = 4; lastKnownFileType = sourcecode.c.objc; path = SWTVC.m; sourceTree = "<group>"; };
		DF2781C620FEF01F009BA41A /* IADTVC.h */ = {isa = PBXFileReference; fileEncoding = 4; lastKnownFileType = sourcecode.c.h; path = IADTVC.h; sourceTree = "<group>"; };
		DF2781C720FEF01F009BA41A /* LectTVC.m */ = {isa = PBXFileReference; fileEncoding = 4; lastKnownFileType = sourcecode.c.objc; path = LectTVC.m; sourceTree = "<group>"; };
		DF2781C820FEF01F009BA41A /* Lect.storyboard */ = {isa = PBXFileReference; fileEncoding = 4; lastKnownFileType = file.storyboard; path = Lect.storyboard; sourceTree = "<group>"; };
		DF2781C920FEF01F009BA41A /* SWTVC.h */ = {isa = PBXFileReference; fileEncoding = 4; lastKnownFileType = sourcecode.c.h; path = SWTVC.h; sourceTree = "<group>"; };
		DF57216520FF1D8C00EF8B82 /* FamilyMember.m */ = {isa = PBXFileReference; fileEncoding = 4; lastKnownFileType = sourcecode.c.objc; path = FamilyMember.m; sourceTree = "<group>"; };
		DF57216620FF1D8C00EF8B82 /* FamilyMember.h */ = {isa = PBXFileReference; fileEncoding = 4; lastKnownFileType = sourcecode.c.h; path = FamilyMember.h; sourceTree = "<group>"; };
		DF5B595D21084F1100DAA975 /* StudInfoTVC.m */ = {isa = PBXFileReference; fileEncoding = 4; lastKnownFileType = sourcecode.c.objc; path = StudInfoTVC.m; sourceTree = "<group>"; };
		DF5B595E21084F1100DAA975 /* StudentInfo.storyboard */ = {isa = PBXFileReference; fileEncoding = 4; lastKnownFileType = file.storyboard; path = StudentInfo.storyboard; sourceTree = "<group>"; };
		DF5B595F21084F1100DAA975 /* StudInfoTVC.h */ = {isa = PBXFileReference; fileEncoding = 4; lastKnownFileType = sourcecode.c.h; path = StudInfoTVC.h; sourceTree = "<group>"; };
		DF5B5962210850C500DAA975 /* MapTVC.h */ = {isa = PBXFileReference; lastKnownFileType = sourcecode.c.h; path = MapTVC.h; sourceTree = "<group>"; };
		DF5B5963210850C500DAA975 /* MapTVC.m */ = {isa = PBXFileReference; lastKnownFileType = sourcecode.c.objc; path = MapTVC.m; sourceTree = "<group>"; };
		DF5B59662108554100DAA975 /* MyConnection.storyboard */ = {isa = PBXFileReference; lastKnownFileType = file.storyboard; path = MyConnection.storyboard; sourceTree = "<group>"; };
		DF5B596821085F2400DAA975 /* ConnectVC.h */ = {isa = PBXFileReference; lastKnownFileType = sourcecode.c.h; path = ConnectVC.h; sourceTree = "<group>"; };
		DF5B596921085F2400DAA975 /* ConnectVC.m */ = {isa = PBXFileReference; lastKnownFileType = sourcecode.c.objc; path = ConnectVC.m; sourceTree = "<group>"; };
		DF75D2382106BA0E00857072 /* fasCell.h */ = {isa = PBXFileReference; lastKnownFileType = sourcecode.c.h; path = fasCell.h; sourceTree = "<group>"; };
		DF75D2392106BA0E00857072 /* fasCell.m */ = {isa = PBXFileReference; lastKnownFileType = sourcecode.c.objc; path = fasCell.m; sourceTree = "<group>"; };
		DF7A672121056CFA00E46C6D /* NoOfFamilyVC.h */ = {isa = PBXFileReference; lastKnownFileType = sourcecode.c.h; path = NoOfFamilyVC.h; sourceTree = "<group>"; };
		DF7A672221056CFA00E46C6D /* NoOfFamilyVC.m */ = {isa = PBXFileReference; lastKnownFileType = sourcecode.c.objc; path = NoOfFamilyVC.m; sourceTree = "<group>"; };
		DF7AADC220FC2DC8002A7BE9 /* UsersDetails.h */ = {isa = PBXFileReference; lastKnownFileType = sourcecode.c.h; path = UsersDetails.h; sourceTree = "<group>"; };
		DF7AADC320FC2DC8002A7BE9 /* UsersDetails.m */ = {isa = PBXFileReference; lastKnownFileType = sourcecode.c.objc; path = UsersDetails.m; sourceTree = "<group>"; };
		DF7C39BF2108257800D4B5D1 /* CampusMap.storyboard */ = {isa = PBXFileReference; lastKnownFileType = file.storyboard; path = CampusMap.storyboard; sourceTree = "<group>"; };
		DF7C39C72108648E00D4B5D1 /* GPAResultTVC.m */ = {isa = PBXFileReference; fileEncoding = 4; lastKnownFileType = sourcecode.c.objc; name = GPAResultTVC.m; path = "GPA Calc/GPAResultTVC.m"; sourceTree = SOURCE_ROOT; };
		DF7C39C82108648E00D4B5D1 /* GPACalcTVC.h */ = {isa = PBXFileReference; fileEncoding = 4; lastKnownFileType = sourcecode.c.h; name = GPACalcTVC.h; path = "GPA Calc/GPACalcTVC.h"; sourceTree = SOURCE_ROOT; };
		DF7C39C92108648E00D4B5D1 /* GPACalcTVC.m */ = {isa = PBXFileReference; fileEncoding = 4; lastKnownFileType = sourcecode.c.objc; name = GPACalcTVC.m; path = "GPA Calc/GPACalcTVC.m"; sourceTree = SOURCE_ROOT; };
		DF7C39CA2108648E00D4B5D1 /* GPAResultTVC.h */ = {isa = PBXFileReference; fileEncoding = 4; lastKnownFileType = sourcecode.c.h; name = GPAResultTVC.h; path = "GPA Calc/GPAResultTVC.h"; sourceTree = SOURCE_ROOT; };
		DF7C39CB2108648E00D4B5D1 /* GPACalc.storyboard */ = {isa = PBXFileReference; fileEncoding = 4; lastKnownFileType = file.storyboard; name = GPACalc.storyboard; path = "GPA Calc/GPACalc.storyboard"; sourceTree = SOURCE_ROOT; };
		DFB25CA620F5B33900F493F3 /* StudentsITE.app */ = {isa = PBXFileReference; explicitFileType = wrapper.application; includeInIndex = 0; path = StudentsITE.app; sourceTree = BUILT_PRODUCTS_DIR; };
		DFB25CA920F5B33900F493F3 /* AppDelegate.h */ = {isa = PBXFileReference; lastKnownFileType = sourcecode.c.h; path = AppDelegate.h; sourceTree = "<group>"; };
		DFB25CAA20F5B33900F493F3 /* AppDelegate.m */ = {isa = PBXFileReference; lastKnownFileType = sourcecode.c.objc; path = AppDelegate.m; sourceTree = "<group>"; };
		DFB25CB220F5B33900F493F3 /* Assets.xcassets */ = {isa = PBXFileReference; lastKnownFileType = folder.assetcatalog; path = Assets.xcassets; sourceTree = "<group>"; };
		DFB25CB520F5B33900F493F3 /* Base */ = {isa = PBXFileReference; lastKnownFileType = file.storyboard; name = Base; path = Base.lproj/LaunchScreen.storyboard; sourceTree = "<group>"; };
		DFB25CB720F5B33900F493F3 /* Info.plist */ = {isa = PBXFileReference; lastKnownFileType = text.plist.xml; path = Info.plist; sourceTree = "<group>"; };
		DFB25CB820F5B33900F493F3 /* main.m */ = {isa = PBXFileReference; lastKnownFileType = sourcecode.c.objc; path = main.m; sourceTree = "<group>"; };
		DFB25CBE20F5B33900F493F3 /* StudentsITETests.xctest */ = {isa = PBXFileReference; explicitFileType = wrapper.cfbundle; includeInIndex = 0; path = StudentsITETests.xctest; sourceTree = BUILT_PRODUCTS_DIR; };
		DFB25CC220F5B33900F493F3 /* StudentsITETests.m */ = {isa = PBXFileReference; lastKnownFileType = sourcecode.c.objc; path = StudentsITETests.m; sourceTree = "<group>"; };
		DFB25CC420F5B33900F493F3 /* Info.plist */ = {isa = PBXFileReference; lastKnownFileType = text.plist.xml; path = Info.plist; sourceTree = "<group>"; };
		DFB25CC920F5B33900F493F3 /* StudentsITEUITests.xctest */ = {isa = PBXFileReference; explicitFileType = wrapper.cfbundle; includeInIndex = 0; path = StudentsITEUITests.xctest; sourceTree = BUILT_PRODUCTS_DIR; };
		DFB25CCD20F5B33900F493F3 /* StudentsITEUITests.m */ = {isa = PBXFileReference; lastKnownFileType = sourcecode.c.objc; path = StudentsITEUITests.m; sourceTree = "<group>"; };
		DFB25CCF20F5B33900F493F3 /* Info.plist */ = {isa = PBXFileReference; lastKnownFileType = text.plist.xml; path = Info.plist; sourceTree = "<group>"; };
		DFB25CDC20F5B5BB00F493F3 /* Login.storyboard */ = {isa = PBXFileReference; lastKnownFileType = file.storyboard; path = Login.storyboard; sourceTree = "<group>"; };
		DFB25CDE20F5B5DA00F493F3 /* LoginVC.h */ = {isa = PBXFileReference; lastKnownFileType = sourcecode.c.h; path = LoginVC.h; sourceTree = "<group>"; };
		DFB25CDF20F5B5DA00F493F3 /* LoginVC.m */ = {isa = PBXFileReference; lastKnownFileType = sourcecode.c.objc; path = LoginVC.m; sourceTree = "<group>"; };
		DFDA2B9C20FEFCC4006BFBC1 /* FAS.storyboard */ = {isa = PBXFileReference; fileEncoding = 4; lastKnownFileType = file.storyboard; path = FAS.storyboard; sourceTree = "<group>"; };
		FE0E58CB2104504A00BB1268 /* EnquiryTVC.h */ = {isa = PBXFileReference; lastKnownFileType = sourcecode.c.h; path = EnquiryTVC.h; sourceTree = "<group>"; };
		FE0E58CC2104504A00BB1268 /* EnquiryTVC.m */ = {isa = PBXFileReference; lastKnownFileType = sourcecode.c.objc; path = EnquiryTVC.m; sourceTree = "<group>"; };
		FE792240210765040090DF26 /* fasMainTVC.h */ = {isa = PBXFileReference; lastKnownFileType = sourcecode.c.h; path = fasMainTVC.h; sourceTree = "<group>"; };
		FE792241210765040090DF26 /* fasMainTVC.m */ = {isa = PBXFileReference; lastKnownFileType = sourcecode.c.objc; path = fasMainTVC.m; sourceTree = "<group>"; };
		FE79224421076B4D0090DF26 /* ExamCountdown.storyboard */ = {isa = PBXFileReference; lastKnownFileType = file.storyboard; path = ExamCountdown.storyboard; sourceTree = "<group>"; };
		FE792246210774260090DF26 /* ExamVC.h */ = {isa = PBXFileReference; lastKnownFileType = sourcecode.c.h; path = ExamVC.h; sourceTree = "<group>"; };
		FE792247210774260090DF26 /* ExamVC.m */ = {isa = PBXFileReference; lastKnownFileType = sourcecode.c.objc; path = ExamVC.m; sourceTree = "<group>"; };
		FECACC1921060BEB00A2DBD6 /* FamilyInfoTVC.h */ = {isa = PBXFileReference; lastKnownFileType = sourcecode.c.h; path = FamilyInfoTVC.h; sourceTree = "<group>"; };
		FECACC1A21060BEB00A2DBD6 /* FamilyInfoTVC.m */ = {isa = PBXFileReference; lastKnownFileType = sourcecode.c.objc; path = FamilyInfoTVC.m; sourceTree = "<group>"; };
		FECACC1C2106221600A2DBD6 /* FamilyMemberCell.h */ = {isa = PBXFileReference; lastKnownFileType = sourcecode.c.h; path = FamilyMemberCell.h; sourceTree = "<group>"; };
		FECACC1D2106221600A2DBD6 /* FamilyMemberCell.m */ = {isa = PBXFileReference; lastKnownFileType = sourcecode.c.objc; path = FamilyMemberCell.m; sourceTree = "<group>"; };
		FECACC2E21063DDD00A2DBD6 /* AvailableFasVC.h */ = {isa = PBXFileReference; lastKnownFileType = sourcecode.c.h; path = AvailableFasVC.h; sourceTree = "<group>"; };
		FECACC2F21063DDD00A2DBD6 /* AvailableFasVC.m */ = {isa = PBXFileReference; lastKnownFileType = sourcecode.c.objc; path = AvailableFasVC.m; sourceTree = "<group>"; };
		FEF0AE1F20FE1F59004F72C8 /* MainMenuCVC.h */ = {isa = PBXFileReference; fileEncoding = 4; lastKnownFileType = sourcecode.c.h; path = MainMenuCVC.h; sourceTree = "<group>"; };
		FEF0AE2020FE1F59004F72C8 /* CollectionViewCell.h */ = {isa = PBXFileReference; fileEncoding = 4; lastKnownFileType = sourcecode.c.h; path = CollectionViewCell.h; sourceTree = "<group>"; };
		FEF0AE2120FE1F5A004F72C8 /* MainMenu.storyboard */ = {isa = PBXFileReference; fileEncoding = 4; lastKnownFileType = file.storyboard; path = MainMenu.storyboard; sourceTree = "<group>"; };
		FEF0AE2220FE1F5A004F72C8 /* MainMenuCVC.m */ = {isa = PBXFileReference; fileEncoding = 4; lastKnownFileType = sourcecode.c.objc; path = MainMenuCVC.m; sourceTree = "<group>"; };
		FEF0AE2320FE1F5A004F72C8 /* CollectionViewCell.m */ = {isa = PBXFileReference; fileEncoding = 4; lastKnownFileType = sourcecode.c.objc; path = CollectionViewCell.m; sourceTree = "<group>"; };
/* End PBXFileReference section */

/* Begin PBXFrameworksBuildPhase section */
		DFB25CA320F5B33900F493F3 /* Frameworks */ = {
			isa = PBXFrameworksBuildPhase;
			buildActionMask = 2147483647;
			files = (
			);
			runOnlyForDeploymentPostprocessing = 0;
		};
		DFB25CBB20F5B33900F493F3 /* Frameworks */ = {
			isa = PBXFrameworksBuildPhase;
			buildActionMask = 2147483647;
			files = (
			);
			runOnlyForDeploymentPostprocessing = 0;
		};
		DFB25CC620F5B33900F493F3 /* Frameworks */ = {
			isa = PBXFrameworksBuildPhase;
			buildActionMask = 2147483647;
			files = (
			);
			runOnlyForDeploymentPostprocessing = 0;
		};
/* End PBXFrameworksBuildPhase section */

/* Begin PBXGroup section */
		DF2781BE20FEEFE1009BA41A /* Lect Info */ = {
			isa = PBXGroup;
			children = (
				DF2781C620FEF01F009BA41A /* IADTVC.h */,
				DF2781C120FEF01F009BA41A /* IADTVC.m */,
				DF2781C820FEF01F009BA41A /* Lect.storyboard */,
				DF2781C320FEF01F009BA41A /* LectTVC.h */,
				DF2781C720FEF01F009BA41A /* LectTVC.m */,
				DF2781BF20FEF01F009BA41A /* LifeskillsTVC.h */,
				DF2781C420FEF01F009BA41A /* LifeskillsTVC.m */,
				DF2781C220FEF01F009BA41A /* MAETVC.h */,
				DF2781C020FEF01F009BA41A /* MAETVC.m */,
				DF2781C920FEF01F009BA41A /* SWTVC.h */,
				DF2781C520FEF01F009BA41A /* SWTVC.m */,
			);
			path = "Lect Info";
			sourceTree = "<group>";
		};
		DF5B595C21084EE600DAA975 /* Student Info */ = {
			isa = PBXGroup;
			children = (
				DF5B595E21084F1100DAA975 /* StudentInfo.storyboard */,
				DF5B595F21084F1100DAA975 /* StudInfoTVC.h */,
				DF5B595D21084F1100DAA975 /* StudInfoTVC.m */,
			);
			path = "Student Info";
			sourceTree = "<group>";
		};
		DF5B59652108524900DAA975 /* Webview */ = {
			isa = PBXGroup;
			children = (
				DF5B59662108554100DAA975 /* MyConnection.storyboard */,
				DF5B596821085F2400DAA975 /* ConnectVC.h */,
				DF5B596921085F2400DAA975 /* ConnectVC.m */,
			);
			path = Webview;
			sourceTree = "<group>";
		};
		DF7C39BE2108255200D4B5D1 /* Campus Map */ = {
			isa = PBXGroup;
			children = (
				DF7C39BF2108257800D4B5D1 /* CampusMap.storyboard */,
				DF5B5962210850C500DAA975 /* MapTVC.h */,
				DF5B5963210850C500DAA975 /* MapTVC.m */,
			);
			path = "Campus Map";
			sourceTree = "<group>";
		};
		DF7C39C62108646900D4B5D1 /* GPA Calc */ = {
			isa = PBXGroup;
			children = (
				DF7C39CB2108648E00D4B5D1 /* GPACalc.storyboard */,
				DF7C39C82108648E00D4B5D1 /* GPACalcTVC.h */,
				DF7C39C92108648E00D4B5D1 /* GPACalcTVC.m */,
				DF7C39CA2108648E00D4B5D1 /* GPAResultTVC.h */,
				DF7C39C72108648E00D4B5D1 /* GPAResultTVC.m */,
			);
			path = "GPA Calc";
			sourceTree = "<group>";
		};
		DFB25C9D20F5B33900F493F3 = {
			isa = PBXGroup;
			children = (
				DF7C39C62108646900D4B5D1 /* GPA Calc */,
				DF5B59652108524900DAA975 /* Webview */,
				DF5B595C21084EE600DAA975 /* Student Info */,
				DF7C39BE2108255200D4B5D1 /* Campus Map */,
				FE79224321076B2B0090DF26 /* Exam Countdown */,
				DFDA2B9B20FEFCA1006BFBC1 /* FAS */,
				DF2781BE20FEEFE1009BA41A /* Lect Info */,
				FEF0AE1C20FE1F1E004F72C8 /* Main Menu */,
				DFB25CDB20F5B45600F493F3 /* Login */,
				DFB25CA820F5B33900F493F3 /* StudentsITE */,
				DFB25CC120F5B33900F493F3 /* StudentsITETests */,
				DFB25CCC20F5B33900F493F3 /* StudentsITEUITests */,
				DFB25CA720F5B33900F493F3 /* Products */,
			);
			sourceTree = "<group>";
		};
		DFB25CA720F5B33900F493F3 /* Products */ = {
			isa = PBXGroup;
			children = (
				DFB25CA620F5B33900F493F3 /* StudentsITE.app */,
				DFB25CBE20F5B33900F493F3 /* StudentsITETests.xctest */,
				DFB25CC920F5B33900F493F3 /* StudentsITEUITests.xctest */,
			);
			name = Products;
			sourceTree = "<group>";
		};
		DFB25CA820F5B33900F493F3 /* StudentsITE */ = {
			isa = PBXGroup;
			children = (
				DFB25CA920F5B33900F493F3 /* AppDelegate.h */,
				DFB25CAA20F5B33900F493F3 /* AppDelegate.m */,
				DFB25CB220F5B33900F493F3 /* Assets.xcassets */,
				DFB25CB420F5B33900F493F3 /* LaunchScreen.storyboard */,
				DFB25CB720F5B33900F493F3 /* Info.plist */,
				DFB25CB820F5B33900F493F3 /* main.m */,
			);
			path = StudentsITE;
			sourceTree = "<group>";
		};
		DFB25CC120F5B33900F493F3 /* StudentsITETests */ = {
			isa = PBXGroup;
			children = (
				DFB25CC220F5B33900F493F3 /* StudentsITETests.m */,
				DFB25CC420F5B33900F493F3 /* Info.plist */,
			);
			path = StudentsITETests;
			sourceTree = "<group>";
		};
		DFB25CCC20F5B33900F493F3 /* StudentsITEUITests */ = {
			isa = PBXGroup;
			children = (
				DFB25CCD20F5B33900F493F3 /* StudentsITEUITests.m */,
				DFB25CCF20F5B33900F493F3 /* Info.plist */,
			);
			path = StudentsITEUITests;
			sourceTree = "<group>";
		};
		DFB25CDB20F5B45600F493F3 /* Login */ = {
			isa = PBXGroup;
			children = (
				DF7AADC220FC2DC8002A7BE9 /* UsersDetails.h */,
				DF7AADC320FC2DC8002A7BE9 /* UsersDetails.m */,
				DFB25CDC20F5B5BB00F493F3 /* Login.storyboard */,
				DFB25CDE20F5B5DA00F493F3 /* LoginVC.h */,
				DFB25CDF20F5B5DA00F493F3 /* LoginVC.m */,
			);
			path = Login;
			sourceTree = "<group>";
		};
		DFDA2B9B20FEFCA1006BFBC1 /* FAS */ = {
			isa = PBXGroup;
			children = (
				FE0E58CB2104504A00BB1268 /* EnquiryTVC.h */,
				FE0E58CC2104504A00BB1268 /* EnquiryTVC.m */,
				DF57216620FF1D8C00EF8B82 /* FamilyMember.h */,
				DF57216520FF1D8C00EF8B82 /* FamilyMember.m */,
				DFDA2B9C20FEFCC4006BFBC1 /* FAS.storyboard */,
				DF7A672121056CFA00E46C6D /* NoOfFamilyVC.h */,
				DF7A672221056CFA00E46C6D /* NoOfFamilyVC.m */,
				FECACC1921060BEB00A2DBD6 /* FamilyInfoTVC.h */,
				FECACC1A21060BEB00A2DBD6 /* FamilyInfoTVC.m */,
				FECACC1C2106221600A2DBD6 /* FamilyMemberCell.h */,
				FECACC1D2106221600A2DBD6 /* FamilyMemberCell.m */,
				FECACC2E21063DDD00A2DBD6 /* AvailableFasVC.h */,
				FECACC2F21063DDD00A2DBD6 /* AvailableFasVC.m */,
				DF75D2382106BA0E00857072 /* fasCell.h */,
				DF75D2392106BA0E00857072 /* fasCell.m */,
				FE792240210765040090DF26 /* fasMainTVC.h */,
				FE792241210765040090DF26 /* fasMainTVC.m */,
			);
			path = FAS;
			sourceTree = "<group>";
		};
		FE79224321076B2B0090DF26 /* Exam Countdown */ = {
			isa = PBXGroup;
			children = (
				FE79224421076B4D0090DF26 /* ExamCountdown.storyboard */,
				FE792246210774260090DF26 /* ExamVC.h */,
				FE792247210774260090DF26 /* ExamVC.m */,
			);
			path = "Exam Countdown";
			sourceTree = "<group>";
		};
		FEF0AE1C20FE1F1E004F72C8 /* Main Menu */ = {
			isa = PBXGroup;
			children = (
				FEF0AE2020FE1F59004F72C8 /* CollectionViewCell.h */,
				FEF0AE2320FE1F5A004F72C8 /* CollectionViewCell.m */,
				FEF0AE2120FE1F5A004F72C8 /* MainMenu.storyboard */,
				FEF0AE1F20FE1F59004F72C8 /* MainMenuCVC.h */,
				FEF0AE2220FE1F5A004F72C8 /* MainMenuCVC.m */,
			);
			path = "Main Menu";
			sourceTree = "<group>";
		};
/* End PBXGroup section */

/* Begin PBXNativeTarget section */
		DFB25CA520F5B33900F493F3 /* StudentsITE */ = {
			isa = PBXNativeTarget;
			buildConfigurationList = DFB25CD220F5B33900F493F3 /* Build configuration list for PBXNativeTarget "StudentsITE" */;
			buildPhases = (
				DFB25CA220F5B33900F493F3 /* Sources */,
				DFB25CA320F5B33900F493F3 /* Frameworks */,
				DFB25CA420F5B33900F493F3 /* Resources */,
			);
			buildRules = (
			);
			dependencies = (
			);
			name = StudentsITE;
			productName = StudentsITE;
			productReference = DFB25CA620F5B33900F493F3 /* StudentsITE.app */;
			productType = "com.apple.product-type.application";
		};
		DFB25CBD20F5B33900F493F3 /* StudentsITETests */ = {
			isa = PBXNativeTarget;
			buildConfigurationList = DFB25CD520F5B33900F493F3 /* Build configuration list for PBXNativeTarget "StudentsITETests" */;
			buildPhases = (
				DFB25CBA20F5B33900F493F3 /* Sources */,
				DFB25CBB20F5B33900F493F3 /* Frameworks */,
				DFB25CBC20F5B33900F493F3 /* Resources */,
			);
			buildRules = (
			);
			dependencies = (
				DFB25CC020F5B33900F493F3 /* PBXTargetDependency */,
			);
			name = StudentsITETests;
			productName = StudentsITETests;
			productReference = DFB25CBE20F5B33900F493F3 /* StudentsITETests.xctest */;
			productType = "com.apple.product-type.bundle.unit-test";
		};
		DFB25CC820F5B33900F493F3 /* StudentsITEUITests */ = {
			isa = PBXNativeTarget;
			buildConfigurationList = DFB25CD820F5B33900F493F3 /* Build configuration list for PBXNativeTarget "StudentsITEUITests" */;
			buildPhases = (
				DFB25CC520F5B33900F493F3 /* Sources */,
				DFB25CC620F5B33900F493F3 /* Frameworks */,
				DFB25CC720F5B33900F493F3 /* Resources */,
			);
			buildRules = (
			);
			dependencies = (
				DFB25CCB20F5B33900F493F3 /* PBXTargetDependency */,
			);
			name = StudentsITEUITests;
			productName = StudentsITEUITests;
			productReference = DFB25CC920F5B33900F493F3 /* StudentsITEUITests.xctest */;
			productType = "com.apple.product-type.bundle.ui-testing";
		};
/* End PBXNativeTarget section */

/* Begin PBXProject section */
		DFB25C9E20F5B33900F493F3 /* Project object */ = {
			isa = PBXProject;
			attributes = {
				LastUpgradeCheck = 0920;
				ORGANIZATIONNAME = Student2;
				TargetAttributes = {
					DFB25CA520F5B33900F493F3 = {
						CreatedOnToolsVersion = 9.2;
						ProvisioningStyle = Automatic;
					};
					DFB25CBD20F5B33900F493F3 = {
						CreatedOnToolsVersion = 9.2;
						ProvisioningStyle = Automatic;
						TestTargetID = DFB25CA520F5B33900F493F3;
					};
					DFB25CC820F5B33900F493F3 = {
						CreatedOnToolsVersion = 9.2;
						ProvisioningStyle = Automatic;
						TestTargetID = DFB25CA520F5B33900F493F3;
					};
				};
			};
			buildConfigurationList = DFB25CA120F5B33900F493F3 /* Build configuration list for PBXProject "StudentsITE" */;
			compatibilityVersion = "Xcode 8.0";
			developmentRegion = en;
			hasScannedForEncodings = 0;
			knownRegions = (
				en,
				Base,
			);
			mainGroup = DFB25C9D20F5B33900F493F3;
			productRefGroup = DFB25CA720F5B33900F493F3 /* Products */;
			projectDirPath = "";
			projectRoot = "";
			targets = (
				DFB25CA520F5B33900F493F3 /* StudentsITE */,
				DFB25CBD20F5B33900F493F3 /* StudentsITETests */,
				DFB25CC820F5B33900F493F3 /* StudentsITEUITests */,
			);
		};
/* End PBXProject section */

/* Begin PBXResourcesBuildPhase section */
		DFB25CA420F5B33900F493F3 /* Resources */ = {
			isa = PBXResourcesBuildPhase;
			buildActionMask = 2147483647;
			files = (
				FEF0AE2420FE1F5A004F72C8 /* MainMenu.storyboard in Resources */,
				DF5B596121084F1100DAA975 /* StudentInfo.storyboard in Resources */,
				DF5B59672108554100DAA975 /* MyConnection.storyboard in Resources */,
				DF2781CF20FEF01F009BA41A /* Lect.storyboard in Resources */,
				DF7C39C02108257800D4B5D1 /* CampusMap.storyboard in Resources */,
				DFB25CDD20F5B5BB00F493F3 /* Login.storyboard in Resources */,
				DF7C39CE2108648E00D4B5D1 /* GPACalc.storyboard in Resources */,
				DFDA2B9D20FEFCC4006BFBC1 /* FAS.storyboard in Resources */,
				DFB25CB620F5B33900F493F3 /* LaunchScreen.storyboard in Resources */,
				FE79224521076B4D0090DF26 /* ExamCountdown.storyboard in Resources */,
				DFB25CB320F5B33900F493F3 /* Assets.xcassets in Resources */,
			);
			runOnlyForDeploymentPostprocessing = 0;
		};
		DFB25CBC20F5B33900F493F3 /* Resources */ = {
			isa = PBXResourcesBuildPhase;
			buildActionMask = 2147483647;
			files = (
			);
			runOnlyForDeploymentPostprocessing = 0;
		};
		DFB25CC720F5B33900F493F3 /* Resources */ = {
			isa = PBXResourcesBuildPhase;
			buildActionMask = 2147483647;
			files = (
			);
			runOnlyForDeploymentPostprocessing = 0;
		};
/* End PBXResourcesBuildPhase section */

/* Begin PBXSourcesBuildPhase section */
		DFB25CA220F5B33900F493F3 /* Sources */ = {
			isa = PBXSourcesBuildPhase;
			buildActionMask = 2147483647;
			files = (
				FEF0AE2620FE1F5A004F72C8 /* CollectionViewCell.m in Sources */,
				DF57216720FF1D8C00EF8B82 /* FamilyMember.m in Sources */,
				DF7AADC420FC2DC8002A7BE9 /* UsersDetails.m in Sources */,
				FE792248210774260090DF26 /* ExamVC.m in Sources */,
				DFB25CB920F5B33900F493F3 /* main.m in Sources */,
				DF2781CB20FEF01F009BA41A /* IADTVC.m in Sources */,
				DF5B596021084F1100DAA975 /* StudInfoTVC.m in Sources */,
				DF7C39CD2108648E00D4B5D1 /* GPACalcTVC.m in Sources */,
				FECACC1B21060BEB00A2DBD6 /* FamilyInfoTVC.m in Sources */,
				FECACC3021063DDD00A2DBD6 /* AvailableFasVC.m in Sources */,
				FE792242210765050090DF26 /* fasMainTVC.m in Sources */,
				FECACC1E2106221600A2DBD6 /* FamilyMemberCell.m in Sources */,
				DF5B596A21085F2400DAA975 /* ConnectVC.m in Sources */,
				DF2781CA20FEF01F009BA41A /* MAETVC.m in Sources */,
				DF2781CC20FEF01F009BA41A /* LifeskillsTVC.m in Sources */,
				DF7A672321056CFA00E46C6D /* NoOfFamilyVC.m in Sources */,
				DFB25CE020F5B5DA00F493F3 /* LoginVC.m in Sources */,
				DF7C39CC2108648E00D4B5D1 /* GPAResultTVC.m in Sources */,
				DFB25CAB20F5B33900F493F3 /* AppDelegate.m in Sources */,
				DF5B5964210850C500DAA975 /* MapTVC.m in Sources */,
				DF2781CE20FEF01F009BA41A /* LectTVC.m in Sources */,
				FE0E58CD2104504A00BB1268 /* EnquiryTVC.m in Sources */,
				DF2781CD20FEF01F009BA41A /* SWTVC.m in Sources */,
				DF75D23A2106BA0E00857072 /* fasCell.m in Sources */,
				FEF0AE2520FE1F5A004F72C8 /* MainMenuCVC.m in Sources */,
			);
			runOnlyForDeploymentPostprocessing = 0;
		};
		DFB25CBA20F5B33900F493F3 /* Sources */ = {
			isa = PBXSourcesBuildPhase;
			buildActionMask = 2147483647;
			files = (
				DFB25CC320F5B33900F493F3 /* StudentsITETests.m in Sources */,
			);
			runOnlyForDeploymentPostprocessing = 0;
		};
		DFB25CC520F5B33900F493F3 /* Sources */ = {
			isa = PBXSourcesBuildPhase;
			buildActionMask = 2147483647;
			files = (
				DFB25CCE20F5B33900F493F3 /* StudentsITEUITests.m in Sources */,
			);
			runOnlyForDeploymentPostprocessing = 0;
		};
/* End PBXSourcesBuildPhase section */

/* Begin PBXTargetDependency section */
		DFB25CC020F5B33900F493F3 /* PBXTargetDependency */ = {
			isa = PBXTargetDependency;
			target = DFB25CA520F5B33900F493F3 /* StudentsITE */;
			targetProxy = DFB25CBF20F5B33900F493F3 /* PBXContainerItemProxy */;
		};
		DFB25CCB20F5B33900F493F3 /* PBXTargetDependency */ = {
			isa = PBXTargetDependency;
			target = DFB25CA520F5B33900F493F3 /* StudentsITE */;
			targetProxy = DFB25CCA20F5B33900F493F3 /* PBXContainerItemProxy */;
		};
/* End PBXTargetDependency section */

/* Begin PBXVariantGroup section */
		DFB25CB420F5B33900F493F3 /* LaunchScreen.storyboard */ = {
			isa = PBXVariantGroup;
			children = (
				DFB25CB520F5B33900F493F3 /* Base */,
			);
			name = LaunchScreen.storyboard;
			sourceTree = "<group>";
		};
/* End PBXVariantGroup section */

/* Begin XCBuildConfiguration section */
		DFB25CD020F5B33900F493F3 /* Debug */ = {
			isa = XCBuildConfiguration;
			buildSettings = {
				ALWAYS_SEARCH_USER_PATHS = NO;
				CLANG_ANALYZER_NONNULL = YES;
				CLANG_ANALYZER_NUMBER_OBJECT_CONVERSION = YES_AGGRESSIVE;
				CLANG_CXX_LANGUAGE_STANDARD = "gnu++14";
				CLANG_CXX_LIBRARY = "libc++";
				CLANG_ENABLE_MODULES = YES;
				CLANG_ENABLE_OBJC_ARC = YES;
				CLANG_WARN_BLOCK_CAPTURE_AUTORELEASING = YES;
				CLANG_WARN_BOOL_CONVERSION = YES;
				CLANG_WARN_COMMA = YES;
				CLANG_WARN_CONSTANT_CONVERSION = YES;
				CLANG_WARN_DIRECT_OBJC_ISA_USAGE = YES_ERROR;
				CLANG_WARN_DOCUMENTATION_COMMENTS = YES;
				CLANG_WARN_EMPTY_BODY = YES;
				CLANG_WARN_ENUM_CONVERSION = YES;
				CLANG_WARN_INFINITE_RECURSION = YES;
				CLANG_WARN_INT_CONVERSION = YES;
				CLANG_WARN_NON_LITERAL_NULL_CONVERSION = YES;
				CLANG_WARN_OBJC_LITERAL_CONVERSION = YES;
				CLANG_WARN_OBJC_ROOT_CLASS = YES_ERROR;
				CLANG_WARN_RANGE_LOOP_ANALYSIS = YES;
				CLANG_WARN_STRICT_PROTOTYPES = YES;
				CLANG_WARN_SUSPICIOUS_MOVE = YES;
				CLANG_WARN_UNGUARDED_AVAILABILITY = YES_AGGRESSIVE;
				CLANG_WARN_UNREACHABLE_CODE = YES;
				CLANG_WARN__DUPLICATE_METHOD_MATCH = YES;
				CODE_SIGN_IDENTITY = "iPhone Developer";
				COPY_PHASE_STRIP = NO;
				DEBUG_INFORMATION_FORMAT = dwarf;
				ENABLE_STRICT_OBJC_MSGSEND = YES;
				ENABLE_TESTABILITY = YES;
				GCC_C_LANGUAGE_STANDARD = gnu11;
				GCC_DYNAMIC_NO_PIC = NO;
				GCC_NO_COMMON_BLOCKS = YES;
				GCC_OPTIMIZATION_LEVEL = 0;
				GCC_PREPROCESSOR_DEFINITIONS = (
					"DEBUG=1",
					"$(inherited)",
				);
				GCC_WARN_64_TO_32_BIT_CONVERSION = YES;
				GCC_WARN_ABOUT_RETURN_TYPE = YES_ERROR;
				GCC_WARN_UNDECLARED_SELECTOR = YES;
				GCC_WARN_UNINITIALIZED_AUTOS = YES_AGGRESSIVE;
				GCC_WARN_UNUSED_FUNCTION = YES;
				GCC_WARN_UNUSED_VARIABLE = YES;
				IPHONEOS_DEPLOYMENT_TARGET = 11.2;
				MTL_ENABLE_DEBUG_INFO = YES;
				ONLY_ACTIVE_ARCH = YES;
				SDKROOT = iphoneos;
			};
			name = Debug;
		};
		DFB25CD120F5B33900F493F3 /* Release */ = {
			isa = XCBuildConfiguration;
			buildSettings = {
				ALWAYS_SEARCH_USER_PATHS = NO;
				CLANG_ANALYZER_NONNULL = YES;
				CLANG_ANALYZER_NUMBER_OBJECT_CONVERSION = YES_AGGRESSIVE;
				CLANG_CXX_LANGUAGE_STANDARD = "gnu++14";
				CLANG_CXX_LIBRARY = "libc++";
				CLANG_ENABLE_MODULES = YES;
				CLANG_ENABLE_OBJC_ARC = YES;
				CLANG_WARN_BLOCK_CAPTURE_AUTORELEASING = YES;
				CLANG_WARN_BOOL_CONVERSION = YES;
				CLANG_WARN_COMMA = YES;
				CLANG_WARN_CONSTANT_CONVERSION = YES;
				CLANG_WARN_DIRECT_OBJC_ISA_USAGE = YES_ERROR;
				CLANG_WARN_DOCUMENTATION_COMMENTS = YES;
				CLANG_WARN_EMPTY_BODY = YES;
				CLANG_WARN_ENUM_CONVERSION = YES;
				CLANG_WARN_INFINITE_RECURSION = YES;
				CLANG_WARN_INT_CONVERSION = YES;
				CLANG_WARN_NON_LITERAL_NULL_CONVERSION = YES;
				CLANG_WARN_OBJC_LITERAL_CONVERSION = YES;
				CLANG_WARN_OBJC_ROOT_CLASS = YES_ERROR;
				CLANG_WARN_RANGE_LOOP_ANALYSIS = YES;
				CLANG_WARN_STRICT_PROTOTYPES = YES;
				CLANG_WARN_SUSPICIOUS_MOVE = YES;
				CLANG_WARN_UNGUARDED_AVAILABILITY = YES_AGGRESSIVE;
				CLANG_WARN_UNREACHABLE_CODE = YES;
				CLANG_WARN__DUPLICATE_METHOD_MATCH = YES;
				CODE_SIGN_IDENTITY = "iPhone Developer";
				COPY_PHASE_STRIP = NO;
				DEBUG_INFORMATION_FORMAT = "dwarf-with-dsym";
				ENABLE_NS_ASSERTIONS = NO;
				ENABLE_STRICT_OBJC_MSGSEND = YES;
				GCC_C_LANGUAGE_STANDARD = gnu11;
				GCC_NO_COMMON_BLOCKS = YES;
				GCC_WARN_64_TO_32_BIT_CONVERSION = YES;
				GCC_WARN_ABOUT_RETURN_TYPE = YES_ERROR;
				GCC_WARN_UNDECLARED_SELECTOR = YES;
				GCC_WARN_UNINITIALIZED_AUTOS = YES_AGGRESSIVE;
				GCC_WARN_UNUSED_FUNCTION = YES;
				GCC_WARN_UNUSED_VARIABLE = YES;
				IPHONEOS_DEPLOYMENT_TARGET = 11.2;
				MTL_ENABLE_DEBUG_INFO = NO;
				SDKROOT = iphoneos;
				VALIDATE_PRODUCT = YES;
			};
			name = Release;
		};
		DFB25CD320F5B33900F493F3 /* Debug */ = {
			isa = XCBuildConfiguration;
			buildSettings = {
				ASSETCATALOG_COMPILER_APPICON_NAME = AppIcon;
				CODE_SIGN_STYLE = Automatic;
				DEVELOPMENT_TEAM = M6Y8C2AKA6;
				INFOPLIST_FILE = StudentsITE/Info.plist;
				IPHONEOS_DEPLOYMENT_TARGET = 11.0;
				LD_RUNPATH_SEARCH_PATHS = "$(inherited) @executable_path/Frameworks";
				PRODUCT_BUNDLE_IDENTIFIER = sg.edu.ite.StudentsITE;
				PRODUCT_NAME = "$(TARGET_NAME)";
				TARGETED_DEVICE_FAMILY = 1;
			};
			name = Debug;
		};
		DFB25CD420F5B33900F493F3 /* Release */ = {
			isa = XCBuildConfiguration;
			buildSettings = {
				ASSETCATALOG_COMPILER_APPICON_NAME = AppIcon;
				CODE_SIGN_STYLE = Automatic;
				DEVELOPMENT_TEAM = M6Y8C2AKA6;
				INFOPLIST_FILE = StudentsITE/Info.plist;
				IPHONEOS_DEPLOYMENT_TARGET = 11.0;
				LD_RUNPATH_SEARCH_PATHS = "$(inherited) @executable_path/Frameworks";
				PRODUCT_BUNDLE_IDENTIFIER = sg.edu.ite.StudentsITE;
				PRODUCT_NAME = "$(TARGET_NAME)";
				TARGETED_DEVICE_FAMILY = 1;
			};
			name = Release;
		};
		DFB25CD620F5B33900F493F3 /* Debug */ = {
			isa = XCBuildConfiguration;
			buildSettings = {
				BUNDLE_LOADER = "$(TEST_HOST)";
				CODE_SIGN_STYLE = Automatic;
				INFOPLIST_FILE = StudentsITETests/Info.plist;
				LD_RUNPATH_SEARCH_PATHS = "$(inherited) @executable_path/Frameworks @loader_path/Frameworks";
				PRODUCT_BUNDLE_IDENTIFIER = sg.edu.ite.StudentsITETests;
				PRODUCT_NAME = "$(TARGET_NAME)";
				TARGETED_DEVICE_FAMILY = "1,2";
				TEST_HOST = "$(BUILT_PRODUCTS_DIR)/StudentsITE.app/StudentsITE";
			};
			name = Debug;
		};
		DFB25CD720F5B33900F493F3 /* Release */ = {
			isa = XCBuildConfiguration;
			buildSettings = {
				BUNDLE_LOADER = "$(TEST_HOST)";
				CODE_SIGN_STYLE = Automatic;
				INFOPLIST_FILE = StudentsITETests/Info.plist;
				LD_RUNPATH_SEARCH_PATHS = "$(inherited) @executable_path/Frameworks @loader_path/Frameworks";
				PRODUCT_BUNDLE_IDENTIFIER = sg.edu.ite.StudentsITETests;
				PRODUCT_NAME = "$(TARGET_NAME)";
				TARGETED_DEVICE_FAMILY = "1,2";
				TEST_HOST = "$(BUILT_PRODUCTS_DIR)/StudentsITE.app/StudentsITE";
			};
			name = Release;
		};
		DFB25CD920F5B33900F493F3 /* Debug */ = {
			isa = XCBuildConfiguration;
			buildSettings = {
				CODE_SIGN_STYLE = Automatic;
				INFOPLIST_FILE = StudentsITEUITests/Info.plist;
				LD_RUNPATH_SEARCH_PATHS = "$(inherited) @executable_path/Frameworks @loader_path/Frameworks";
				PRODUCT_BUNDLE_IDENTIFIER = sg.edu.ite.StudentsITEUITests;
				PRODUCT_NAME = "$(TARGET_NAME)";
				TARGETED_DEVICE_FAMILY = "1,2";
				TEST_TARGET_NAME = StudentsITE;
			};
			name = Debug;
		};
		DFB25CDA20F5B33900F493F3 /* Release */ = {
			isa = XCBuildConfiguration;
			buildSettings = {
				CODE_SIGN_STYLE = Automatic;
				INFOPLIST_FILE = StudentsITEUITests/Info.plist;
				LD_RUNPATH_SEARCH_PATHS = "$(inherited) @executable_path/Frameworks @loader_path/Frameworks";
				PRODUCT_BUNDLE_IDENTIFIER = sg.edu.ite.StudentsITEUITests;
				PRODUCT_NAME = "$(TARGET_NAME)";
				TARGETED_DEVICE_FAMILY = "1,2";
				TEST_TARGET_NAME = StudentsITE;
			};
			name = Release;
		};
/* End XCBuildConfiguration section */

/* Begin XCConfigurationList section */
		DFB25CA120F5B33900F493F3 /* Build configuration list for PBXProject "StudentsITE" */ = {
			isa = XCConfigurationList;
			buildConfigurations = (
				DFB25CD020F5B33900F493F3 /* Debug */,
				DFB25CD120F5B33900F493F3 /* Release */,
			);
			defaultConfigurationIsVisible = 0;
			defaultConfigurationName = Release;
		};
		DFB25CD220F5B33900F493F3 /* Build configuration list for PBXNativeTarget "StudentsITE" */ = {
			isa = XCConfigurationList;
			buildConfigurations = (
				DFB25CD320F5B33900F493F3 /* Debug */,
				DFB25CD420F5B33900F493F3 /* Release */,
			);
			defaultConfigurationIsVisible = 0;
			defaultConfigurationName = Release;
		};
		DFB25CD520F5B33900F493F3 /* Build configuration list for PBXNativeTarget "StudentsITETests" */ = {
			isa = XCConfigurationList;
			buildConfigurations = (
				DFB25CD620F5B33900F493F3 /* Debug */,
				DFB25CD720F5B33900F493F3 /* Release */,
			);
			defaultConfigurationIsVisible = 0;
			defaultConfigurationName = Release;
		};
		DFB25CD820F5B33900F493F3 /* Build configuration list for PBXNativeTarget "StudentsITEUITests" */ = {
			isa = XCConfigurationList;
			buildConfigurations = (
				DFB25CD920F5B33900F493F3 /* Debug */,
				DFB25CDA20F5B33900F493F3 /* Release */,
			);
			defaultConfigurationIsVisible = 0;
			defaultConfigurationName = Release;
		};
/* End XCConfigurationList section */
	};
	rootObject = DFB25C9E20F5B33900F493F3 /* Project object */;
}
