// !$*UTF8*$!
{
	archiveVersion = 1;
	classes = {
	};
	objectVersion = 48;
	objects = {

/* Begin PBXBuildFile section */
		DF4BEE5F20FD805600BF8849 /* LectTVC.m in Sources */ = {isa = PBXBuildFile; fileRef = DF4BEE5E20FD805600BF8849 /* LectTVC.m */; };
		DF4BEE6220FD82E600BF8849 /* MAETVC.m in Sources */ = {isa = PBXBuildFile; fileRef = DF4BEE6120FD82E600BF8849 /* MAETVC.m */; };
		DF4BEE6520FD838E00BF8849 /* IADTVC.m in Sources */ = {isa = PBXBuildFile; fileRef = DF4BEE6420FD838E00BF8849 /* IADTVC.m */; };
		DF4BEE6820FD83DB00BF8849 /* LifeskillsTVC.m in Sources */ = {isa = PBXBuildFile; fileRef = DF4BEE6720FD83DB00BF8849 /* LifeskillsTVC.m */; };
		DF4BEE6B20FD840000BF8849 /* SWTVC.m in Sources */ = {isa = PBXBuildFile; fileRef = DF4BEE6A20FD840000BF8849 /* SWTVC.m */; };
		DFA3790C20FC3C59004D4C1B /* Lect.storyboard in Resources */ = {isa = PBXBuildFile; fileRef = DFA3790B20FC3C59004D4C1B /* Lect.storyboard */; };
		DFB25CAB20F5B33900F493F3 /* AppDelegate.m in Sources */ = {isa = PBXBuildFile; fileRef = DFB25CAA20F5B33900F493F3 /* AppDelegate.m */; };
		DFB25CAE20F5B33900F493F3 /* ViewController.m in Sources */ = {isa = PBXBuildFile; fileRef = DFB25CAD20F5B33900F493F3 /* ViewController.m */; };
		DFB25CB320F5B33900F493F3 /* Assets.xcassets in Resources */ = {isa = PBXBuildFile; fileRef = DFB25CB220F5B33900F493F3 /* Assets.xcassets */; };
		DFB25CB620F5B33900F493F3 /* LaunchScreen.storyboard in Resources */ = {isa = PBXBuildFile; fileRef = DFB25CB420F5B33900F493F3 /* LaunchScreen.storyboard */; };
		DFB25CB920F5B33900F493F3 /* main.m in Sources */ = {isa = PBXBuildFile; fileRef = DFB25CB820F5B33900F493F3 /* main.m */; };
		DFB25CC320F5B33900F493F3 /* StudentsITETests.m in Sources */ = {isa = PBXBuildFile; fileRef = DFB25CC220F5B33900F493F3 /* StudentsITETests.m */; };
		DFB25CCE20F5B33900F493F3 /* StudentsITEUITests.m in Sources */ = {isa = PBXBuildFile; fileRef = DFB25CCD20F5B33900F493F3 /* StudentsITEUITests.m */; };
		DFC9850A20F5B6C90047EAE7 /* Main.storyboard in Resources */ = {isa = PBXBuildFile; fileRef = DFC9850920F5B6C90047EAE7 /* Main.storyboard */; };
		DFC9850D20F5B77F0047EAE7 /* MainMenuCVC.m in Sources */ = {isa = PBXBuildFile; fileRef = DFC9850C20F5B77F0047EAE7 /* MainMenuCVC.m */; };
/* End PBXBuildFile section */

/* Begin PBXContainerItemProxy section */
		DFB25CBF20F5B33900F493F3 /* PBXContainerItemProxy */ = {
			isa = PBXContainerItemProxy;
			containerPortal = DFB25C9E20F5B33900F493F3 /* Project object */;
			proxyType = 1;
			remoteGlobalIDString = DFB25CA520F5B33900F493F3;
			remoteInfo = StudentsITE;
		};
		DFB25CCA20F5B33900F493F3 /* PBXContainerItemProxy */ = {
			isa = PBXContainerItemProxy;
			containerPortal = DFB25C9E20F5B33900F493F3 /* Project object */;
			proxyType = 1;
			remoteGlobalIDString = DFB25CA520F5B33900F493F3;
			remoteInfo = StudentsITE;
		};
/* End PBXContainerItemProxy section */

/* Begin PBXFileReference section */
		DF4BEE5D20FD805600BF8849 /* LectTVC.h */ = {isa = PBXFileReference; lastKnownFileType = sourcecode.c.h; path = LectTVC.h; sourceTree = "<group>"; };
		DF4BEE5E20FD805600BF8849 /* LectTVC.m */ = {isa = PBXFileReference; lastKnownFileType = sourcecode.c.objc; path = LectTVC.m; sourceTree = "<group>"; };
		DF4BEE6020FD82E600BF8849 /* MAETVC.h */ = {isa = PBXFileReference; lastKnownFileType = sourcecode.c.h; path = MAETVC.h; sourceTree = "<group>"; };
		DF4BEE6120FD82E600BF8849 /* MAETVC.m */ = {isa = PBXFileReference; lastKnownFileType = sourcecode.c.objc; path = MAETVC.m; sourceTree = "<group>"; };
		DF4BEE6320FD838E00BF8849 /* IADTVC.h */ = {isa = PBXFileReference; lastKnownFileType = sourcecode.c.h; path = IADTVC.h; sourceTree = "<group>"; };
		DF4BEE6420FD838E00BF8849 /* IADTVC.m */ = {isa = PBXFileReference; lastKnownFileType = sourcecode.c.objc; path = IADTVC.m; sourceTree = "<group>"; };
		DF4BEE6620FD83DB00BF8849 /* LifeskillsTVC.h */ = {isa = PBXFileReference; lastKnownFileType = sourcecode.c.h; path = LifeskillsTVC.h; sourceTree = "<group>"; };
		DF4BEE6720FD83DB00BF8849 /* LifeskillsTVC.m */ = {isa = PBXFileReference; lastKnownFileType = sourcecode.c.objc; path = LifeskillsTVC.m; sourceTree = "<group>"; };
		DF4BEE6920FD840000BF8849 /* SWTVC.h */ = {isa = PBXFileReference; lastKnownFileType = sourcecode.c.h; path = SWTVC.h; sourceTree = "<group>"; };
		DF4BEE6A20FD840000BF8849 /* SWTVC.m */ = {isa = PBXFileReference; lastKnownFileType = sourcecode.c.objc; path = SWTVC.m; sourceTree = "<group>"; };
		DFA3790B20FC3C59004D4C1B /* Lect.storyboard */ = {isa = PBXFileReference; lastKnownFileType = file.storyboard; path = Lect.storyboard; sourceTree = "<group>"; };
		DFB25CA620F5B33900F493F3 /* StudentsITE.app */ = {isa = PBXFileReference; explicitFileType = wrapper.application; includeInIndex = 0; path = StudentsITE.app; sourceTree = BUILT_PRODUCTS_DIR; };
		DFB25CA920F5B33900F493F3 /* AppDelegate.h */ = {isa = PBXFileReference; lastKnownFileType = sourcecode.c.h; path = AppDelegate.h; sourceTree = "<group>"; };
		DFB25CAA20F5B33900F493F3 /* AppDelegate.m */ = {isa = PBXFileReference; lastKnownFileType = sourcecode.c.objc; path = AppDelegate.m; sourceTree = "<group>"; };
		DFB25CAC20F5B33900F493F3 /* ViewController.h */ = {isa = PBXFileReference; lastKnownFileType = sourcecode.c.h; path = ViewController.h; sourceTree = "<group>"; };
		DFB25CAD20F5B33900F493F3 /* ViewController.m */ = {isa = PBXFileReference; lastKnownFileType = sourcecode.c.objc; path = ViewController.m; sourceTree = "<group>"; };
		DFB25CB220F5B33900F493F3 /* Assets.xcassets */ = {isa = PBXFileReference; lastKnownFileType = folder.assetcatalog; path = Assets.xcassets; sourceTree = "<group>"; };
		DFB25CB520F5B33900F493F3 /* Base */ = {isa = PBXFileReference; lastKnownFileType = file.storyboard; name = Base; path = Base.lproj/LaunchScreen.storyboard; sourceTree = "<group>"; };
		DFB25CB720F5B33900F493F3 /* Info.plist */ = {isa = PBXFileReference; lastKnownFileType = text.plist.xml; path = Info.plist; sourceTree = "<group>"; };
		DFB25CB820F5B33900F493F3 /* main.m */ = {isa = PBXFileReference; lastKnownFileType = sourcecode.c.objc; path = main.m; sourceTree = "<group>"; };
		DFB25CBE20F5B33900F493F3 /* StudentsITETests.xctest */ = {isa = PBXFileReference; explicitFileType = wrapper.cfbundle; includeInIndex = 0; path = StudentsITETests.xctest; sourceTree = BUILT_PRODUCTS_DIR; };
		DFB25CC220F5B33900F493F3 /* StudentsITETests.m */ = {isa = PBXFileReference; lastKnownFileType = sourcecode.c.objc; path = StudentsITETests.m; sourceTree = "<group>"; };
		DFB25CC420F5B33900F493F3 /* Info.plist */ = {isa = PBXFileReference; lastKnownFileType = text.plist.xml; path = Info.plist; sourceTree = "<group>"; };
		DFB25CC920F5B33900F493F3 /* StudentsITEUITests.xctest */ = {isa = PBXFileReference; explicitFileType = wrapper.cfbundle; includeInIndex = 0; path = StudentsITEUITests.xctest; sourceTree = BUILT_PRODUCTS_DIR; };
		DFB25CCD20F5B33900F493F3 /* StudentsITEUITests.m */ = {isa = PBXFileReference; lastKnownFileType = sourcecode.c.objc; path = StudentsITEUITests.m; sourceTree = "<group>"; };
		DFB25CCF20F5B33900F493F3 /* Info.plist */ = {isa = PBXFileReference; lastKnownFileType = text.plist.xml; path = Info.plist; sourceTree = "<group>"; };
		DFC9850920F5B6C90047EAE7 /* Main.storyboard */ = {isa = PBXFileReference; lastKnownFileType = file.storyboard; path = Main.storyboard; sourceTree = "<group>"; };
		DFC9850B20F5B77F0047EAE7 /* MainMenuCVC.h */ = {isa = PBXFileReference; lastKnownFileType = sourcecode.c.h; path = MainMenuCVC.h; sourceTree = "<group>"; };
		DFC9850C20F5B77F0047EAE7 /* MainMenuCVC.m */ = {isa = PBXFileReference; lastKnownFileType = sourcecode.c.objc; path = MainMenuCVC.m; sourceTree = "<group>"; };
/* End PBXFileReference section */

/* Begin PBXFrameworksBuildPhase section */
		DFB25CA320F5B33900F493F3 /* Frameworks */ = {
			isa = PBXFrameworksBuildPhase;
			buildActionMask = 2147483647;
			files = (
			);
			runOnlyForDeploymentPostprocessing = 0;
		};
		DFB25CBB20F5B33900F493F3 /* Frameworks */ = {
			isa = PBXFrameworksBuildPhase;
			buildActionMask = 2147483647;
			files = (
			);
			runOnlyForDeploymentPostprocessing = 0;
		};
		DFB25CC620F5B33900F493F3 /* Frameworks */ = {
			isa = PBXFrameworksBuildPhase;
			buildActionMask = 2147483647;
			files = (
			);
			runOnlyForDeploymentPostprocessing = 0;
		};
/* End PBXFrameworksBuildPhase section */

/* Begin PBXGroup section */
		DFA3790A20FC3C3C004D4C1B /* Lect Info */ = {
			isa = PBXGroup;
			children = (
				DFA3790B20FC3C59004D4C1B /* Lect.storyboard */,
				DF4BEE6920FD840000BF8849 /* SWTVC.h */,
				DF4BEE6A20FD840000BF8849 /* SWTVC.m */,
				DF4BEE6620FD83DB00BF8849 /* LifeskillsTVC.h */,
				DF4BEE6720FD83DB00BF8849 /* LifeskillsTVC.m */,
				DF4BEE6320FD838E00BF8849 /* IADTVC.h */,
				DF4BEE6420FD838E00BF8849 /* IADTVC.m */,
				DF4BEE6020FD82E600BF8849 /* MAETVC.h */,
				DF4BEE6120FD82E600BF8849 /* MAETVC.m */,
				DF4BEE5D20FD805600BF8849 /* LectTVC.h */,
				DF4BEE5E20FD805600BF8849 /* LectTVC.m */,
			);
			path = "Lect Info";
			sourceTree = "<group>";
		};
		DFB25C9D20F5B33900F493F3 = {
			isa = PBXGroup;
			children = (
				DFA3790A20FC3C3C004D4C1B /* Lect Info */,
				DFC9850520F5B5B40047EAE7 /* Main Menu */,
				DFB25CA820F5B33900F493F3 /* StudentsITE */,
				DFB25CC120F5B33900F493F3 /* StudentsITETests */,
				DFB25CCC20F5B33900F493F3 /* StudentsITEUITests */,
				DFB25CA720F5B33900F493F3 /* Products */,
			);
			sourceTree = "<group>";
		};
		DFB25CA720F5B33900F493F3 /* Products */ = {
			isa = PBXGroup;
			children = (
				DFB25CA620F5B33900F493F3 /* StudentsITE.app */,
				DFB25CBE20F5B33900F493F3 /* StudentsITETests.xctest */,
				DFB25CC920F5B33900F493F3 /* StudentsITEUITests.xctest */,
			);
			name = Products;
			sourceTree = "<group>";
		};
		DFB25CA820F5B33900F493F3 /* StudentsITE */ = {
			isa = PBXGroup;
			children = (
				DFB25CA920F5B33900F493F3 /* AppDelegate.h */,
				DFB25CAA20F5B33900F493F3 /* AppDelegate.m */,
				DFB25CAC20F5B33900F493F3 /* ViewController.h */,
				DFB25CAD20F5B33900F493F3 /* ViewController.m */,
				DFB25CB220F5B33900F493F3 /* Assets.xcassets */,
				DFB25CB420F5B33900F493F3 /* LaunchScreen.storyboard */,
				DFB25CB720F5B33900F493F3 /* Info.plist */,
				DFB25CB820F5B33900F493F3 /* main.m */,
			);
			path = StudentsITE;
			sourceTree = "<group>";
		};
		DFB25CC120F5B33900F493F3 /* StudentsITETests */ = {
			isa = PBXGroup;
			children = (
				DFB25CC220F5B33900F493F3 /* StudentsITETests.m */,
				DFB25CC420F5B33900F493F3 /* Info.plist */,
			);
			path = StudentsITETests;
			sourceTree = "<group>";
		};
		DFB25CCC20F5B33900F493F3 /* StudentsITEUITests */ = {
			isa = PBXGroup;
			children = (
				DFB25CCD20F5B33900F493F3 /* StudentsITEUITests.m */,
				DFB25CCF20F5B33900F493F3 /* Info.plist */,
			);
			path = StudentsITEUITests;
			sourceTree = "<group>";
		};
		DFC9850520F5B5B40047EAE7 /* Main Menu */ = {
			isa = PBXGroup;
			children = (
				DFC9850920F5B6C90047EAE7 /* Main.storyboard */,
				DFC9850B20F5B77F0047EAE7 /* MainMenuCVC.h */,
				DFC9850C20F5B77F0047EAE7 /* MainMenuCVC.m */,
			);
			path = "Main Menu";
			sourceTree = "<group>";
		};
/* End PBXGroup section */

/* Begin PBXNativeTarget section */
		DFB25CA520F5B33900F493F3 /* StudentsITE */ = {
			isa = PBXNativeTarget;
			buildConfigurationList = DFB25CD220F5B33900F493F3 /* Build configuration list for PBXNativeTarget "StudentsITE" */;
			buildPhases = (
				DFB25CA220F5B33900F493F3 /* Sources */,
				DFB25CA320F5B33900F493F3 /* Frameworks */,
				DFB25CA420F5B33900F493F3 /* Resources */,
			);
			buildRules = (
			);
			dependencies = (
			);
			name = StudentsITE;
			productName = StudentsITE;
			productReference = DFB25CA620F5B33900F493F3 /* StudentsITE.app */;
			productType = "com.apple.product-type.application";
		};
		DFB25CBD20F5B33900F493F3 /* StudentsITETests */ = {
			isa = PBXNativeTarget;
			buildConfigurationList = DFB25CD520F5B33900F493F3 /* Build configuration list for PBXNativeTarget "StudentsITETests" */;
			buildPhases = (
				DFB25CBA20F5B33900F493F3 /* Sources */,
				DFB25CBB20F5B33900F493F3 /* Frameworks */,
				DFB25CBC20F5B33900F493F3 /* Resources */,
			);
			buildRules = (
			);
			dependencies = (
				DFB25CC020F5B33900F493F3 /* PBXTargetDependency */,
			);
			name = StudentsITETests;
			productName = StudentsITETests;
			productReference = DFB25CBE20F5B33900F493F3 /* StudentsITETests.xctest */;
			productType = "com.apple.product-type.bundle.unit-test";
		};
		DFB25CC820F5B33900F493F3 /* StudentsITEUITests */ = {
			isa = PBXNativeTarget;
			buildConfigurationList = DFB25CD820F5B33900F493F3 /* Build configuration list for PBXNativeTarget "StudentsITEUITests" */;
			buildPhases = (
				DFB25CC520F5B33900F493F3 /* Sources */,
				DFB25CC620F5B33900F493F3 /* Frameworks */,
				DFB25CC720F5B33900F493F3 /* Resources */,
			);
			buildRules = (
			);
			dependencies = (
				DFB25CCB20F5B33900F493F3 /* PBXTargetDependency */,
			);
			name = StudentsITEUITests;
			productName = StudentsITEUITests;
			productReference = DFB25CC920F5B33900F493F3 /* StudentsITEUITests.xctest */;
			productType = "com.apple.product-type.bundle.ui-testing";
		};
/* End PBXNativeTarget section */

/* Begin PBXProject section */
		DFB25C9E20F5B33900F493F3 /* Project object */ = {
			isa = PBXProject;
			attributes = {
				LastUpgradeCheck = 0920;
				ORGANIZATIONNAME = Student2;
				TargetAttributes = {
					DFB25CA520F5B33900F493F3 = {
						CreatedOnToolsVersion = 9.2;
						ProvisioningStyle = Automatic;
					};
					DFB25CBD20F5B33900F493F3 = {
						CreatedOnToolsVersion = 9.2;
						ProvisioningStyle = Automatic;
						TestTargetID = DFB25CA520F5B33900F493F3;
					};
					DFB25CC820F5B33900F493F3 = {
						CreatedOnToolsVersion = 9.2;
						ProvisioningStyle = Automatic;
						TestTargetID = DFB25CA520F5B33900F493F3;
					};
				};
			};
			buildConfigurationList = DFB25CA120F5B33900F493F3 /* Build configuration list for PBXProject "StudentsITE" */;
			compatibilityVersion = "Xcode 8.0";
			developmentRegion = en;
			hasScannedForEncodings = 0;
			knownRegions = (
				en,
				Base,
			);
			mainGroup = DFB25C9D20F5B33900F493F3;
			productRefGroup = DFB25CA720F5B33900F493F3 /* Products */;
			projectDirPath = "";
			projectRoot = "";
			targets = (
				DFB25CA520F5B33900F493F3 /* StudentsITE */,
				DFB25CBD20F5B33900F493F3 /* StudentsITETests */,
				DFB25CC820F5B33900F493F3 /* StudentsITEUITests */,
			);
		};
/* End PBXProject section */

/* Begin PBXResourcesBuildPhase section */
		DFB25CA420F5B33900F493F3 /* Resources */ = {
			isa = PBXResourcesBuildPhase;
			buildActionMask = 2147483647;
			files = (
				DFB25CB620F5B33900F493F3 /* LaunchScreen.storyboard in Resources */,
				DFA3790C20FC3C59004D4C1B /* Lect.storyboard in Resources */,
				DFC9850A20F5B6C90047EAE7 /* Main.storyboard in Resources */,
				DFB25CB320F5B33900F493F3 /* Assets.xcassets in Resources */,
			);
			runOnlyForDeploymentPostprocessing = 0;
		};
		DFB25CBC20F5B33900F493F3 /* Resources */ = {
			isa = PBXResourcesBuildPhase;
			buildActionMask = 2147483647;
			files = (
			);
			runOnlyForDeploymentPostprocessing = 0;
		};
		DFB25CC720F5B33900F493F3 /* Resources */ = {
			isa = PBXResourcesBuildPhase;
			buildActionMask = 2147483647;
			files = (
			);
			runOnlyForDeploymentPostprocessing = 0;
		};
/* End PBXResourcesBuildPhase section */

/* Begin PBXSourcesBuildPhase section */
		DFB25CA220F5B33900F493F3 /* Sources */ = {
			isa = PBXSourcesBuildPhase;
			buildActionMask = 2147483647;
			files = (
				DF4BEE5F20FD805600BF8849 /* LectTVC.m in Sources */,
				DF4BEE6820FD83DB00BF8849 /* LifeskillsTVC.m in Sources */,
				DFB25CAE20F5B33900F493F3 /* ViewController.m in Sources */,
				DF4BEE6B20FD840000BF8849 /* SWTVC.m in Sources */,
				DFB25CB920F5B33900F493F3 /* main.m in Sources */,
				DF4BEE6220FD82E600BF8849 /* MAETVC.m in Sources */,
				DFC9850D20F5B77F0047EAE7 /* MainMenuCVC.m in Sources */,
				DFB25CAB20F5B33900F493F3 /* AppDelegate.m in Sources */,
				DF4BEE6520FD838E00BF8849 /* IADTVC.m in Sources */,
			);
			runOnlyForDeploymentPostprocessing = 0;
		};
		DFB25CBA20F5B33900F493F3 /* Sources */ = {
			isa = PBXSourcesBuildPhase;
			buildActionMask = 2147483647;
			files = (
				DFB25CC320F5B33900F493F3 /* StudentsITETests.m in Sources */,
			);
			runOnlyForDeploymentPostprocessing = 0;
		};
		DFB25CC520F5B33900F493F3 /* Sources */ = {
			isa = PBXSourcesBuildPhase;
			buildActionMask = 2147483647;
			files = (
				DFB25CCE20F5B33900F493F3 /* StudentsITEUITests.m in Sources */,
			);
			runOnlyForDeploymentPostprocessing = 0;
		};
/* End PBXSourcesBuildPhase section */

/* Begin PBXTargetDependency section */
		DFB25CC020F5B33900F493F3 /* PBXTargetDependency */ = {
			isa = PBXTargetDependency;
			target = DFB25CA520F5B33900F493F3 /* StudentsITE */;
			targetProxy = DFB25CBF20F5B33900F493F3 /* PBXContainerItemProxy */;
		};
		DFB25CCB20F5B33900F493F3 /* PBXTargetDependency */ = {
			isa = PBXTargetDependency;
			target = DFB25CA520F5B33900F493F3 /* StudentsITE */;
			targetProxy = DFB25CCA20F5B33900F493F3 /* PBXContainerItemProxy */;
		};
/* End PBXTargetDependency section */

/* Begin PBXVariantGroup section */
		DFB25CB420F5B33900F493F3 /* LaunchScreen.storyboard */ = {
			isa = PBXVariantGroup;
			children = (
				DFB25CB520F5B33900F493F3 /* Base */,
			);
			name = LaunchScreen.storyboard;
			sourceTree = "<group>";
		};
/* End PBXVariantGroup section */

/* Begin XCBuildConfiguration section */
		DFB25CD020F5B33900F493F3 /* Debug */ = {
			isa = XCBuildConfiguration;
			buildSettings = {
				ALWAYS_SEARCH_USER_PATHS = NO;
				CLANG_ANALYZER_NONNULL = YES;
				CLANG_ANALYZER_NUMBER_OBJECT_CONVERSION = YES_AGGRESSIVE;
				CLANG_CXX_LANGUAGE_STANDARD = "gnu++14";
				CLANG_CXX_LIBRARY = "libc++";
				CLANG_ENABLE_MODULES = YES;
				CLANG_ENABLE_OBJC_ARC = YES;
				CLANG_WARN_BLOCK_CAPTURE_AUTORELEASING = YES;
				CLANG_WARN_BOOL_CONVERSION = YES;
				CLANG_WARN_COMMA = YES;
				CLANG_WARN_CONSTANT_CONVERSION = YES;
				CLANG_WARN_DIRECT_OBJC_ISA_USAGE = YES_ERROR;
				CLANG_WARN_DOCUMENTATION_COMMENTS = YES;
				CLANG_WARN_EMPTY_BODY = YES;
				CLANG_WARN_ENUM_CONVERSION = YES;
				CLANG_WARN_INFINITE_RECURSION = YES;
				CLANG_WARN_INT_CONVERSION = YES;
				CLANG_WARN_NON_LITERAL_NULL_CONVERSION = YES;
				CLANG_WARN_OBJC_LITERAL_CONVERSION = YES;
				CLANG_WARN_OBJC_ROOT_CLASS = YES_ERROR;
				CLANG_WARN_RANGE_LOOP_ANALYSIS = YES;
				CLANG_WARN_STRICT_PROTOTYPES = YES;
				CLANG_WARN_SUSPICIOUS_MOVE = YES;
				CLANG_WARN_UNGUARDED_AVAILABILITY = YES_AGGRESSIVE;
				CLANG_WARN_UNREACHABLE_CODE = YES;
				CLANG_WARN__DUPLICATE_METHOD_MATCH = YES;
				CODE_SIGN_IDENTITY = "iPhone Developer";
				COPY_PHASE_STRIP = NO;
				DEBUG_INFORMATION_FORMAT = dwarf;
				ENABLE_STRICT_OBJC_MSGSEND = YES;
				ENABLE_TESTABILITY = YES;
				GCC_C_LANGUAGE_STANDARD = gnu11;
				GCC_DYNAMIC_NO_PIC = NO;
				GCC_NO_COMMON_BLOCKS = YES;
				GCC_OPTIMIZATION_LEVEL = 0;
				GCC_PREPROCESSOR_DEFINITIONS = (
					"DEBUG=1",
					"$(inherited)",
				);
				GCC_WARN_64_TO_32_BIT_CONVERSION = YES;
				GCC_WARN_ABOUT_RETURN_TYPE = YES_ERROR;
				GCC_WARN_UNDECLARED_SELECTOR = YES;
				GCC_WARN_UNINITIALIZED_AUTOS = YES_AGGRESSIVE;
				GCC_WARN_UNUSED_FUNCTION = YES;
				GCC_WARN_UNUSED_VARIABLE = YES;
				IPHONEOS_DEPLOYMENT_TARGET = 11.2;
				MTL_ENABLE_DEBUG_INFO = YES;
				ONLY_ACTIVE_ARCH = YES;
				SDKROOT = iphoneos;
			};
			name = Debug;
		};
		DFB25CD120F5B33900F493F3 /* Release */ = {
			isa = XCBuildConfiguration;
			buildSettings = {
				ALWAYS_SEARCH_USER_PATHS = NO;
				CLANG_ANALYZER_NONNULL = YES;
				CLANG_ANALYZER_NUMBER_OBJECT_CONVERSION = YES_AGGRESSIVE;
				CLANG_CXX_LANGUAGE_STANDARD = "gnu++14";
				CLANG_CXX_LIBRARY = "libc++";
				CLANG_ENABLE_MODULES = YES;
				CLANG_ENABLE_OBJC_ARC = YES;
				CLANG_WARN_BLOCK_CAPTURE_AUTORELEASING = YES;
				CLANG_WARN_BOOL_CONVERSION = YES;
				CLANG_WARN_COMMA = YES;
				CLANG_WARN_CONSTANT_CONVERSION = YES;
				CLANG_WARN_DIRECT_OBJC_ISA_USAGE = YES_ERROR;
				CLANG_WARN_DOCUMENTATION_COMMENTS = YES;
				CLANG_WARN_EMPTY_BODY = YES;
				CLANG_WARN_ENUM_CONVERSION = YES;
				CLANG_WARN_INFINITE_RECURSION = YES;
				CLANG_WARN_INT_CONVERSION = YES;
				CLANG_WARN_NON_LITERAL_NULL_CONVERSION = YES;
				CLANG_WARN_OBJC_LITERAL_CONVERSION = YES;
				CLANG_WARN_OBJC_ROOT_CLASS = YES_ERROR;
				CLANG_WARN_RANGE_LOOP_ANALYSIS = YES;
				CLANG_WARN_STRICT_PROTOTYPES = YES;
				CLANG_WARN_SUSPICIOUS_MOVE = YES;
				CLANG_WARN_UNGUARDED_AVAILABILITY = YES_AGGRESSIVE;
				CLANG_WARN_UNREACHABLE_CODE = YES;
				CLANG_WARN__DUPLICATE_METHOD_MATCH = YES;
				CODE_SIGN_IDENTITY = "iPhone Developer";
				COPY_PHASE_STRIP = NO;
				DEBUG_INFORMATION_FORMAT = "dwarf-with-dsym";
				ENABLE_NS_ASSERTIONS = NO;
				ENABLE_STRICT_OBJC_MSGSEND = YES;
				GCC_C_LANGUAGE_STANDARD = gnu11;
				GCC_NO_COMMON_BLOCKS = YES;
				GCC_WARN_64_TO_32_BIT_CONVERSION = YES;
				GCC_WARN_ABOUT_RETURN_TYPE = YES_ERROR;
				GCC_WARN_UNDECLARED_SELECTOR = YES;
				GCC_WARN_UNINITIALIZED_AUTOS = YES_AGGRESSIVE;
				GCC_WARN_UNUSED_FUNCTION = YES;
				GCC_WARN_UNUSED_VARIABLE = YES;
				IPHONEOS_DEPLOYMENT_TARGET = 11.2;
				MTL_ENABLE_DEBUG_INFO = NO;
				SDKROOT = iphoneos;
				VALIDATE_PRODUCT = YES;
			};
			name = Release;
		};
		DFB25CD320F5B33900F493F3 /* Debug */ = {
			isa = XCBuildConfiguration;
			buildSettings = {
				ASSETCATALOG_COMPILER_APPICON_NAME = AppIcon;
				CODE_SIGN_STYLE = Automatic;
				DEVELOPMENT_TEAM = 33SV85D33F;
				INFOPLIST_FILE = StudentsITE/Info.plist;
				IPHONEOS_DEPLOYMENT_TARGET = 11.0;
				LD_RUNPATH_SEARCH_PATHS = "$(inherited) @executable_path/Frameworks";
				PRODUCT_BUNDLE_IDENTIFIER = sg.edu.ite.StudentsITE;
				PRODUCT_NAME = "$(TARGET_NAME)";
				TARGETED_DEVICE_FAMILY = "1,2";
			};
			name = Debug;
		};
		DFB25CD420F5B33900F493F3 /* Release */ = {
			isa = XCBuildConfiguration;
			buildSettings = {
				ASSETCATALOG_COMPILER_APPICON_NAME = AppIcon;
				CODE_SIGN_STYLE = Automatic;
				DEVELOPMENT_TEAM = 33SV85D33F;
				INFOPLIST_FILE = StudentsITE/Info.plist;
				IPHONEOS_DEPLOYMENT_TARGET = 11.0;
				LD_RUNPATH_SEARCH_PATHS = "$(inherited) @executable_path/Frameworks";
				PRODUCT_BUNDLE_IDENTIFIER = sg.edu.ite.StudentsITE;
				PRODUCT_NAME = "$(TARGET_NAME)";
				TARGETED_DEVICE_FAMILY = "1,2";
			};
			name = Release;
		};
		DFB25CD620F5B33900F493F3 /* Debug */ = {
			isa = XCBuildConfiguration;
			buildSettings = {
				BUNDLE_LOADER = "$(TEST_HOST)";
				CODE_SIGN_STYLE = Automatic;
				INFOPLIST_FILE = StudentsITETests/Info.plist;
				LD_RUNPATH_SEARCH_PATHS = "$(inherited) @executable_path/Frameworks @loader_path/Frameworks";
				PRODUCT_BUNDLE_IDENTIFIER = sg.edu.ite.StudentsITETests;
				PRODUCT_NAME = "$(TARGET_NAME)";
				TARGETED_DEVICE_FAMILY = "1,2";
				TEST_HOST = "$(BUILT_PRODUCTS_DIR)/StudentsITE.app/StudentsITE";
			};
			name = Debug;
		};
		DFB25CD720F5B33900F493F3 /* Release */ = {
			isa = XCBuildConfiguration;
			buildSettings = {
				BUNDLE_LOADER = "$(TEST_HOST)";
				CODE_SIGN_STYLE = Automatic;
				INFOPLIST_FILE = StudentsITETests/Info.plist;
				LD_RUNPATH_SEARCH_PATHS = "$(inherited) @executable_path/Frameworks @loader_path/Frameworks";
				PRODUCT_BUNDLE_IDENTIFIER = sg.edu.ite.StudentsITETests;
				PRODUCT_NAME = "$(TARGET_NAME)";
				TARGETED_DEVICE_FAMILY = "1,2";
				TEST_HOST = "$(BUILT_PRODUCTS_DIR)/StudentsITE.app/StudentsITE";
			};
			name = Release;
		};
		DFB25CD920F5B33900F493F3 /* Debug */ = {
			isa = XCBuildConfiguration;
			buildSettings = {
				CODE_SIGN_STYLE = Automatic;
				INFOPLIST_FILE = StudentsITEUITests/Info.plist;
				LD_RUNPATH_SEARCH_PATHS = "$(inherited) @executable_path/Frameworks @loader_path/Frameworks";
				PRODUCT_BUNDLE_IDENTIFIER = sg.edu.ite.StudentsITEUITests;
				PRODUCT_NAME = "$(TARGET_NAME)";
				TARGETED_DEVICE_FAMILY = "1,2";
				TEST_TARGET_NAME = StudentsITE;
			};
			name = Debug;
		};
		DFB25CDA20F5B33900F493F3 /* Release */ = {
			isa = XCBuildConfiguration;
			buildSettings = {
				CODE_SIGN_STYLE = Automatic;
				INFOPLIST_FILE = StudentsITEUITests/Info.plist;
				LD_RUNPATH_SEARCH_PATHS = "$(inherited) @executable_path/Frameworks @loader_path/Frameworks";
				PRODUCT_BUNDLE_IDENTIFIER = sg.edu.ite.StudentsITEUITests;
				PRODUCT_NAME = "$(TARGET_NAME)";
				TARGETED_DEVICE_FAMILY = "1,2";
				TEST_TARGET_NAME = StudentsITE;
			};
			name = Release;
		};
/* End XCBuildConfiguration section */

/* Begin XCConfigurationList section */
		DFB25CA120F5B33900F493F3 /* Build configuration list for PBXProject "StudentsITE" */ = {
			isa = XCConfigurationList;
			buildConfigurations = (
				DFB25CD020F5B33900F493F3 /* Debug */,
				DFB25CD120F5B33900F493F3 /* Release */,
			);
			defaultConfigurationIsVisible = 0;
			defaultConfigurationName = Release;
		};
		DFB25CD220F5B33900F493F3 /* Build configuration list for PBXNativeTarget "StudentsITE" */ = {
			isa = XCConfigurationList;
			buildConfigurations = (
				DFB25CD320F5B33900F493F3 /* Debug */,
				DFB25CD420F5B33900F493F3 /* Release */,
			);
			defaultConfigurationIsVisible = 0;
			defaultConfigurationName = Release;
		};
		DFB25CD520F5B33900F493F3 /* Build configuration list for PBXNativeTarget "StudentsITETests" */ = {
			isa = XCConfigurationList;
			buildConfigurations = (
				DFB25CD620F5B33900F493F3 /* Debug */,
				DFB25CD720F5B33900F493F3 /* Release */,
			);
			defaultConfigurationIsVisible = 0;
			defaultConfigurationName = Release;
		};
		DFB25CD820F5B33900F493F3 /* Build configuration list for PBXNativeTarget "StudentsITEUITests" */ = {
			isa = XCConfigurationList;
			buildConfigurations = (
				DFB25CD920F5B33900F493F3 /* Debug */,
				DFB25CDA20F5B33900F493F3 /* Release */,
			);
			defaultConfigurationIsVisible = 0;
			defaultConfigurationName = Release;
		};
/* End XCConfigurationList section */
	};
	rootObject = DFB25C9E20F5B33900F493F3 /* Project object */;
}
